
Microsoft Visual Studio Solution File, Format Version 12.00
# Visual Studio 15
VisualStudioVersion = 15.0.28307.572
MinimumVisualStudioVersion = 10.0.40219.1
Project("{8BC9CEB8-8B4A-11D0-8D11-00A0C91BC942}") = "Plants", "Plants\Plants.vcxproj", "{48B06EC1-97C0-4886-AC65-6B3B41BA6BF2}"
EndProject
Project("{8BC9CEB8-8B4A-11D0-8D11-00A0C91BC942}") = "PlantsTest", "PlantsTest\PlantsTest.vcxproj", "{BA52F998-2131-4FB5-B6FA-F69FC19A9B4B}"
EndProject
Project("{2150E333-8FDC-42A3-9474-1A3956D46DE8}") = "main", "main", "{E39DDA2D-4FDD-494B-88C8-4497157522CB}"
	ProjectSection(SolutionItems) = preProject
		.editorconfig = .editorconfig
	EndProjectSection
EndProject
Global
	GlobalSection(SolutionConfigurationPlatforms) = preSolution
		Debug|x64 = Debug|x64
		Debug|x86 = Debug|x86
		Release|x64 = Release|x64
		Release|x86 = Release|x86
	EndGlobalSection
	GlobalSection(ProjectConfigurationPlatforms) = postSolution
		{48B06EC1-97C0-4886-AC65-6B3B41BA6BF2}.Debug|x64.ActiveCfg = Debug|x64
		{48B06EC1-97C0-4886-AC65-6B3B41BA6BF2}.Debug|x64.Build.0 = Debug|x64
		{48B06EC1-97C0-4886-AC65-6B3B41BA6BF2}.Debug|x86.ActiveCfg = Debug|Win32
		{48B06EC1-97C0-4886-AC65-6B3B41BA6BF2}.Debug|x86.Build.0 = Debug|Win32
		{48B06EC1-97C0-4886-AC65-6B3B41BA6BF2}.Release|x64.ActiveCfg = Release|x64
		{48B06EC1-97C0-4886-AC65-6B3B41BA6BF2}.Release|x64.Build.0 = Release|x64
		{48B06EC1-97C0-4886-AC65-6B3B41BA6BF2}.Release|x86.ActiveCfg = Release|Win32
		{48B06EC1-97C0-4886-AC65-6B3B41BA6BF2}.Release|x86.Build.0 = Release|Win32
		{BA52F998-2131-4FB5-B6FA-F69FC19A9B4B}.Debug|x64.ActiveCfg = Debug|x64
		{BA52F998-2131-4FB5-B6FA-F69FC19A9B4B}.Debug|x64.Build.0 = Debug|x64
		{BA52F998-2131-4FB5-B6FA-F69FC19A9B4B}.Debug|x86.ActiveCfg = Debug|Win32
		{BA52F998-2131-4FB5-B6FA-F69FC19A9B4B}.Debug|x86.Build.0 = Debug|Win32
		{BA52F998-2131-4FB5-B6FA-F69FC19A9B4B}.Release|x64.ActiveCfg = Release|x64
		{BA52F998-2131-4FB5-B6FA-F69FC19A9B4B}.Release|x64.Build.0 = Release|x64
		{BA52F998-2131-4FB5-B6FA-F69FC19A9B4B}.Release|x86.ActiveCfg = Release|Win32
		{BA52F998-2131-4FB5-B6FA-F69FC19A9B4B}.Release|x86.Build.0 = Release|Win32
	EndGlobalSection
	GlobalSection(SolutionProperties) = preSolution
		HideSolutionNode = FALSE
	EndGlobalSection
	GlobalSection(NestedProjects) = preSolution
		{48B06EC1-97C0-4886-AC65-6B3B41BA6BF2} = {E39DDA2D-4FDD-494B-88C8-4497157522CB}
		{BA52F998-2131-4FB5-B6FA-F69FC19A9B4B} = {E39DDA2D-4FDD-494B-88C8-4497157522CB}
	EndGlobalSection
	GlobalSection(ExtensibilityGlobals) = postSolution
		SolutionGuid = {1C55156F-FCDC-4F58-B375-D14498A31E57}
	EndGlobalSection
EndGlobal
